
Microsoft Visual Studio Solution File, Format Version 12.00
# Visual Studio 15
VisualStudioVersion = 15.0.26730.10
MinimumVisualStudioVersion = 10.0.40219.1
Project("{FAE04EC0-301F-11D3-BF4B-00C04F79EFBC}") = "MusicBot", "MusicBot\MusicBot.csproj", "{62A853D3-BAB2-441D-A815-289C9806EBF8}"
EndProject
Project("{FAE04EC0-301F-11D3-BF4B-00C04F79EFBC}") = "Music", "ConsoleApp1\Music.csproj", "{8AD08652-D753-4BE7-943D-39670AA6F4D2}"
EndProject
Global
	GlobalSection(SolutionConfigurationPlatforms) = preSolution
		Debug|Any CPU = Debug|Any CPU
		Release|Any CPU = Release|Any CPU
	EndGlobalSection
	GlobalSection(ProjectConfigurationPlatforms) = postSolution
		{62A853D3-BAB2-441D-A815-289C9806EBF8}.Debug|Any CPU.ActiveCfg = Debug|Any CPU
		{62A853D3-BAB2-441D-A815-289C9806EBF8}.Debug|Any CPU.Build.0 = Debug|Any CPU
		{62A853D3-BAB2-441D-A815-289C9806EBF8}.Release|Any CPU.ActiveCfg = Release|Any CPU
		{62A853D3-BAB2-441D-A815-289C9806EBF8}.Release|Any CPU.Build.0 = Release|Any CPU
		{8AD08652-D753-4BE7-943D-39670AA6F4D2}.Debug|Any CPU.ActiveCfg = Debug|Any CPU
		{8AD08652-D753-4BE7-943D-39670AA6F4D2}.Debug|Any CPU.Build.0 = Debug|Any CPU
		{8AD08652-D753-4BE7-943D-39670AA6F4D2}.Release|Any CPU.ActiveCfg = Release|Any CPU
		{8AD08652-D753-4BE7-943D-39670AA6F4D2}.Release|Any CPU.Build.0 = Release|Any CPU
	EndGlobalSection
	GlobalSection(SolutionProperties) = preSolution
		HideSolutionNode = FALSE
	EndGlobalSection
	GlobalSection(ExtensibilityGlobals) = postSolution
		SolutionGuid = {2AD51CBA-BAD8-486B-86C7-7FBBA452EF59}
	EndGlobalSection
EndGlobal
